
Microsoft Visual Studio Solution File, Format Version 12.00
# Visual Studio Version 17
VisualStudioVersion = 17.11.35312.102
MinimumVisualStudioVersion = 10.0.40219.1
Project("{FAE04EC0-301F-11D3-BF4B-00C04F79EFBC}") = "BookStore", "BookStore\BookStore.csproj", "{B1843D28-A3C2-487D-AE96-11D52139A58A}"
EndProject
Global
	GlobalSection(SolutionConfigurationPlatforms) = preSolution
		Debug|Any CPU = Debug|Any CPU
		Release|Any CPU = Release|Any CPU
	EndGlobalSection
	GlobalSection(ProjectConfigurationPlatforms) = postSolution
		{B1843D28-A3C2-487D-AE96-11D52139A58A}.Debug|Any CPU.ActiveCfg = Debug|Any CPU
		{B1843D28-A3C2-487D-AE96-11D52139A58A}.Debug|Any CPU.Build.0 = Debug|Any CPU
		{B1843D28-A3C2-487D-AE96-11D52139A58A}.Release|Any CPU.ActiveCfg = Release|Any CPU
		{B1843D28-A3C2-487D-AE96-11D52139A58A}.Release|Any CPU.Build.0 = Release|Any CPU
	EndGlobalSection
	GlobalSection(SolutionProperties) = preSolution
		HideSolutionNode = FALSE
	EndGlobalSection
	GlobalSection(ExtensibilityGlobals) = postSolution
		SolutionGuid = {A0597C3D-EB67-47AD-8A5F-FCF1EE9CE98B}
	EndGlobalSection
EndGlobal
